version: 6
environments:
  default:
    channels:
    - url: https://conda.anaconda.org/conda-forge/
    - url: https://conda.anaconda.org/bioconda/
    packages:
      linux-64:
      - conda: https://conda.anaconda.org/conda-forge/linux-64/_libgcc_mutex-0.1-conda_forge.tar.bz2
      - conda: https://conda.anaconda.org/conda-forge/linux-64/_openmp_mutex-4.5-2_gnu.tar.bz2
      - conda: https://conda.anaconda.org/conda-forge/linux-64/ca-certificates-2025.1.31-hbcca054_0.conda
      - conda: https://conda.anaconda.org/conda-forge/linux-64/dart-sass-1.58.3-ha770c72_1.conda
      - conda: https://conda.anaconda.org/conda-forge/linux-64/deno-1.46.3-hcab8b69_0.conda
      - conda: https://conda.anaconda.org/conda-forge/linux-64/deno-dom-0.1.41-h4768de7_0.conda
      - conda: https://conda.anaconda.org/conda-forge/linux-64/esbuild-0.24.2-ha770c72_0.conda
      - conda: https://conda.anaconda.org/conda-forge/linux-64/libgcc-14.2.0-h77fa898_1.conda
      - conda: https://conda.anaconda.org/conda-forge/linux-64/libgcc-ng-14.2.0-h69a702a_1.conda
      - conda: https://conda.anaconda.org/conda-forge/linux-64/libgomp-14.2.0-h77fa898_1.conda
      - conda: https://conda.anaconda.org/conda-forge/linux-64/openssl-3.4.1-h7b32b05_0.conda
      - conda: https://conda.anaconda.org/conda-forge/linux-64/pandoc-3.4-ha770c72_0.conda
      - conda: https://conda.anaconda.org/conda-forge/linux-64/quarto-1.6.40-ha770c72_0.conda
      - conda: https://conda.anaconda.org/conda-forge/linux-64/typst-0.11.0-he8a937b_0.conda
packages:
- conda: https://conda.anaconda.org/conda-forge/linux-64/_libgcc_mutex-0.1-conda_forge.tar.bz2
  sha256: fe51de6107f9edc7aa4f786a70f4a883943bc9d39b3bb7307c04c41410990726
  md5: d7c89558ba9fa0495403155b64376d81
  arch: x86_64
  platform: linux
  license: None
  size: 2562
  timestamp: 1578324546067
- conda: https://conda.anaconda.org/conda-forge/linux-64/_openmp_mutex-4.5-2_gnu.tar.bz2
  build_number: 16
  sha256: fbe2c5e56a653bebb982eda4876a9178aedfc2b545f25d0ce9c4c0b508253d22
  md5: 73aaf86a425cc6e73fcf236a5a46396d
  depends:
  - _libgcc_mutex 0.1 conda_forge
  - libgomp >=7.5.0
  constrains:
  - openmp_impl 9999
  arch: x86_64
  platform: linux
  license: BSD-3-Clause
  license_family: BSD
  size: 23621
  timestamp: 1650670423406
- conda: https://conda.anaconda.org/conda-forge/linux-64/ca-certificates-2025.1.31-hbcca054_0.conda
  sha256: bf832198976d559ab44d6cdb315642655547e26d826e34da67cbee6624cda189
  md5: 19f3a56f68d2fd06c516076bff482c52
  arch: x86_64
  platform: linux
  license: ISC
  size: 158144
  timestamp: 1738298224464
- conda: https://conda.anaconda.org/conda-forge/linux-64/dart-sass-1.58.3-ha770c72_1.conda
  sha256: a94f8024ac8a09cbf265c62d2bd57e709802868ef656c6cafe5864ed20bf94af
  md5: d54982a58cd9be3d00a7efe76ba6f60c
  arch: x86_64
  platform: linux
  license: MIT
  license_family: MIT
  size: 2961769
  timestamp: 1683598364427
- conda: https://conda.anaconda.org/conda-forge/linux-64/deno-1.46.3-hcab8b69_0.conda
  sha256: 704bb88a744aacab35c159929d6aee8216e7731e920f7d28254a721059dde4b1
  md5: f8410ffda105ab8d380990bbdf9f266f
  depends:
  - __glibc >=2.17,<3.0.a0
  - libgcc >=13
  constrains:
  - __glibc >=2.17
  arch: x86_64
  platform: linux
  license: MIT
  license_family: MIT
  size: 39585861
  timestamp: 1726025052074
- conda: https://conda.anaconda.org/conda-forge/linux-64/deno-dom-0.1.41-h4768de7_0.conda
  sha256: 2726829e1a6117dc9555a2088a4ebaa05035218b8791106f036ba73f15b1b13e
  md5: 89e80615c6b1b1ae4f5267bfc5fc7f66
  depends:
  - __glibc >=2.17,<3.0.a0
  - deno >=1.24.2
  constrains:
  - __glibc >=2.17
  arch: x86_64
  platform: linux
  license: MIT
  license_family: MIT
  size: 433150
  timestamp: 1736703310469
- conda: https://conda.anaconda.org/conda-forge/linux-64/esbuild-0.24.2-ha770c72_0.conda
  sha256: f3e5eef234c5eda3f7841790e72e2bfdf8c19cd5fc2ff452c1015445d8eec921
  md5: ad079d8d346d153ac11600626fe1ea38
  arch: x86_64
  platform: linux
  license: MIT
  license_family: MIT
  size: 3640554
  timestamp: 1736588042523
- conda: https://conda.anaconda.org/conda-forge/linux-64/libgcc-14.2.0-h77fa898_1.conda
  sha256: 53eb8a79365e58849e7b1a068d31f4f9e718dc938d6f2c03e960345739a03569
  md5: 3cb76c3f10d3bc7f1105b2fc9db984df
  depends:
  - _libgcc_mutex 0.1 conda_forge
  - _openmp_mutex >=4.5
  constrains:
  - libgomp 14.2.0 h77fa898_1
  - libgcc-ng ==14.2.0=*_1
  arch: x86_64
  platform: linux
  license: GPL-3.0-only WITH GCC-exception-3.1
  license_family: GPL
  size: 848745
  timestamp: 1729027721139
- conda: https://conda.anaconda.org/conda-forge/linux-64/libgcc-ng-14.2.0-h69a702a_1.conda
  sha256: 3a76969c80e9af8b6e7a55090088bc41da4cffcde9e2c71b17f44d37b7cb87f7
  md5: e39480b9ca41323497b05492a63bc35b
  depends:
  - libgcc 14.2.0 h77fa898_1
  arch: x86_64
  platform: linux
  license: GPL-3.0-only WITH GCC-exception-3.1
  license_family: GPL
  size: 54142
  timestamp: 1729027726517
- conda: https://conda.anaconda.org/conda-forge/linux-64/libgomp-14.2.0-h77fa898_1.conda
  sha256: 1911c29975ec99b6b906904040c855772ccb265a1c79d5d75c8ceec4ed89cd63
  md5: cc3573974587f12dda90d96e3e55a702
  depends:
  - _libgcc_mutex 0.1 conda_forge
  arch: x86_64
  platform: linux
  license: GPL-3.0-only WITH GCC-exception-3.1
  license_family: GPL
  size: 460992
  timestamp: 1729027639220
- conda: https://conda.anaconda.org/conda-forge/linux-64/openssl-3.4.1-h7b32b05_0.conda
  sha256: cbf62df3c79a5c2d113247ddea5658e9ff3697b6e741c210656e239ecaf1768f
  md5: 41adf927e746dc75ecf0ef841c454e48
  depends:
  - __glibc >=2.17,<3.0.a0
  - ca-certificates
  - libgcc >=13
  arch: x86_64
  platform: linux
  license: Apache-2.0
  license_family: Apache
  size: 2939306
  timestamp: 1739301879343
- conda: https://conda.anaconda.org/conda-forge/linux-64/pandoc-3.4-ha770c72_0.conda
  sha256: 8b6c7ddd9422cc6b7ddc10aa8d184f07c1534429e106c441f679f21e95db31c8
  md5: 61c94057aaa5ae6145137ce1fddb2c04
  arch: x86_64
  platform: linux
  license: GPL-2.0-or-later
  license_family: GPL
  size: 21006632
  timestamp: 1726013132144
- conda: https://conda.anaconda.org/conda-forge/linux-64/quarto-1.6.40-ha770c72_0.conda
  sha256: 7d1538903ae2cde212eb2075b2b745ae0c8e5386bae458aebb67311f4d63c126
  md5: 9b16208e735b988727af946e049af3e3
  depends:
  - dart-sass
  - deno >=1.46.3,<1.46.4.0a0
  - deno-dom >=0.1.41,<0.1.42.0a0
  - esbuild
  - pandoc 3.4
  - typst 0.11.0
  arch: x86_64
  platform: linux
  license: GPL-2.0-or-later
  license_family: GPL
  size: 15989616
  timestamp: 1736717196147
- conda: https://conda.anaconda.org/conda-forge/linux-64/typst-0.11.0-he8a937b_0.conda
  sha256: e0be4b66c486a15341d7309744ca94c51dbf0c3914c05cbf2bd796aac0c510c5
  md5: f6ac8c8ab4a4c9ed0ec710e3f5fa3954
  depends:
  - libgcc-ng >=12
  - openssl >=3.2.1,<4.0a0
  arch: x86_64
  platform: linux
  license: Apache-2.0
  license_family: Apache
  size: 11632673
  timestamp: 1710532616618
